
Microsoft Visual Studio Solution File, Format Version 12.00
# Visual Studio Version 17
VisualStudioVersion = 17.7.34003.232
MinimumVisualStudioVersion = 10.0.40219.1
Project("{FAE04EC0-301F-11D3-BF4B-00C04F79EFBC}") = "Marketing", "Marketing\Marketing.csproj", "{38AA19A1-9046-4F8E-A252-B62D713F460E}"
EndProject
Global
	GlobalSection(SolutionConfigurationPlatforms) = preSolution
		Debug|Any CPU = Debug|Any CPU
		Release|Any CPU = Release|Any CPU
	EndGlobalSection
	GlobalSection(ProjectConfigurationPlatforms) = postSolution
		{38AA19A1-9046-4F8E-A252-B62D713F460E}.Debug|Any CPU.ActiveCfg = Debug|Any CPU
		{38AA19A1-9046-4F8E-A252-B62D713F460E}.Debug|Any CPU.Build.0 = Debug|Any CPU
		{38AA19A1-9046-4F8E-A252-B62D713F460E}.Release|Any CPU.ActiveCfg = Release|Any CPU
		{38AA19A1-9046-4F8E-A252-B62D713F460E}.Release|Any CPU.Build.0 = Release|Any CPU
	EndGlobalSection
	GlobalSection(SolutionProperties) = preSolution
		HideSolutionNode = FALSE
	EndGlobalSection
	GlobalSection(ExtensibilityGlobals) = postSolution
		SolutionGuid = {837E73FE-8C9B-4297-9A42-0BD06FA8AA5E}
	EndGlobalSection
EndGlobal
